// !$*UTF8*$!
{
	archiveVersion = 1;
	classes = {
	};
	objectVersion = 50;
	objects = {

/* Begin PBXBuildFile section */
		2C18612E22068708005DE639 /* AppDelegate.swift in Sources */ = {isa = PBXBuildFile; fileRef = 2C18612D22068708005DE639 /* AppDelegate.swift */; };
		2C1861352206870A005DE639 /* Assets.xcassets in Resources */ = {isa = PBXBuildFile; fileRef = 2C1861342206870A005DE639 /* Assets.xcassets */; };
		2C1861382206870A005DE639 /* LaunchScreen.storyboard in Resources */ = {isa = PBXBuildFile; fileRef = 2C1861362206870A005DE639 /* LaunchScreen.storyboard */; };
		2C18614122068C45005DE639 /* MainTableViewController.swift in Sources */ = {isa = PBXBuildFile; fileRef = 2C18614022068C45005DE639 /* MainTableViewController.swift */; };
		2C18614422068F2A005DE639 /* DemoOneViewController.swift in Sources */ = {isa = PBXBuildFile; fileRef = 2C18614222068F2A005DE639 /* DemoOneViewController.swift */; };
		2C18614522068F2A005DE639 /* DemoOneViewController.xib in Resources */ = {isa = PBXBuildFile; fileRef = 2C18614322068F2A005DE639 /* DemoOneViewController.xib */; };
		2C18614822069467005DE639 /* Extensions.swift in Sources */ = {isa = PBXBuildFile; fileRef = 2C18614722069467005DE639 /* Extensions.swift */; };
		2C18614A220694AF005DE639 /* Globals.swift in Sources */ = {isa = PBXBuildFile; fileRef = 2C186149220694AF005DE639 /* Globals.swift */; };
		2C18614D2208B6BE005DE639 /* DemoTwoViewController.swift in Sources */ = {isa = PBXBuildFile; fileRef = 2C18614B2208B6BE005DE639 /* DemoTwoViewController.swift */; };
		2C18614E2208B6BE005DE639 /* DemoTwoViewController.xib in Resources */ = {isa = PBXBuildFile; fileRef = 2C18614C2208B6BE005DE639 /* DemoTwoViewController.xib */; };
		2C1861532208CF8F005DE639 /* DemoThreeViewController.swift in Sources */ = {isa = PBXBuildFile; fileRef = 2C1861512208CF8F005DE639 /* DemoThreeViewController.swift */; };
		2C1861542208CF8F005DE639 /* DemoThreeViewController.xib in Resources */ = {isa = PBXBuildFile; fileRef = 2C1861522208CF8F005DE639 /* DemoThreeViewController.xib */; };
		2C186156220A589B005DE639 /* DemoFourViewController.swift in Sources */ = {isa = PBXBuildFile; fileRef = 2C186155220A589B005DE639 /* DemoFourViewController.swift */; };
		2CB66283220BDA5F00824915 /* DemoFiveViewController.swift in Sources */ = {isa = PBXBuildFile; fileRef = 2CB66281220BDA5F00824915 /* DemoFiveViewController.swift */; };
		2CB66284220BDA5F00824915 /* DemoFiveViewController.xib in Resources */ = {isa = PBXBuildFile; fileRef = 2CB66282220BDA5F00824915 /* DemoFiveViewController.xib */; };
		2CB66286220BDBF300824915 /* explosion.sks in Resources */ = {isa = PBXBuildFile; fileRef = 2CB66285220BDBF300824915 /* explosion.sks */; };
		2CB66289220BE27E00824915 /* SpriteKit.framework in Frameworks */ = {isa = PBXBuildFile; fileRef = 2CB66288220BE27E00824915 /* SpriteKit.framework */; };
		2CB6628D220BE69D00824915 /* swiftBirds.sks in Resources */ = {isa = PBXBuildFile; fileRef = 2CB6628C220BE69D00824915 /* swiftBirds.sks */; };
/* End PBXBuildFile section */

/* Begin PBXFileReference section */
		2C18612A22068708005DE639 /* iOSAnimations.app */ = {isa = PBXFileReference; explicitFileType = wrapper.application; includeInIndex = 0; path = iOSAnimations.app; sourceTree = BUILT_PRODUCTS_DIR; };
		2C18612D22068708005DE639 /* AppDelegate.swift */ = {isa = PBXFileReference; lastKnownFileType = sourcecode.swift; path = AppDelegate.swift; sourceTree = "<group>"; };
		2C1861342206870A005DE639 /* Assets.xcassets */ = {isa = PBXFileReference; lastKnownFileType = folder.assetcatalog; path = Assets.xcassets; sourceTree = "<group>"; };
		2C1861372206870A005DE639 /* Base */ = {isa = PBXFileReference; lastKnownFileType = file.storyboard; name = Base; path = Base.lproj/LaunchScreen.storyboard; sourceTree = "<group>"; };
		2C1861392206870A005DE639 /* Info.plist */ = {isa = PBXFileReference; lastKnownFileType = text.plist.xml; path = Info.plist; sourceTree = "<group>"; };
		2C18614022068C45005DE639 /* MainTableViewController.swift */ = {isa = PBXFileReference; lastKnownFileType = sourcecode.swift; path = MainTableViewController.swift; sourceTree = "<group>"; };
		2C18614222068F2A005DE639 /* DemoOneViewController.swift */ = {isa = PBXFileReference; lastKnownFileType = sourcecode.swift; path = DemoOneViewController.swift; sourceTree = "<group>"; };
		2C18614322068F2A005DE639 /* DemoOneViewController.xib */ = {isa = PBXFileReference; lastKnownFileType = file.xib; path = DemoOneViewController.xib; sourceTree = "<group>"; };
		2C18614722069467005DE639 /* Extensions.swift */ = {isa = PBXFileReference; lastKnownFileType = sourcecode.swift; path = Extensions.swift; sourceTree = "<group>"; };
		2C186149220694AF005DE639 /* Globals.swift */ = {isa = PBXFileReference; lastKnownFileType = sourcecode.swift; path = Globals.swift; sourceTree = "<group>"; };
		2C18614B2208B6BE005DE639 /* DemoTwoViewController.swift */ = {isa = PBXFileReference; lastKnownFileType = sourcecode.swift; path = DemoTwoViewController.swift; sourceTree = "<group>"; };
		2C18614C2208B6BE005DE639 /* DemoTwoViewController.xib */ = {isa = PBXFileReference; lastKnownFileType = file.xib; path = DemoTwoViewController.xib; sourceTree = "<group>"; };
		2C1861512208CF8F005DE639 /* DemoThreeViewController.swift */ = {isa = PBXFileReference; lastKnownFileType = sourcecode.swift; path = DemoThreeViewController.swift; sourceTree = "<group>"; };
		2C1861522208CF8F005DE639 /* DemoThreeViewController.xib */ = {isa = PBXFileReference; lastKnownFileType = file.xib; path = DemoThreeViewController.xib; sourceTree = "<group>"; };
		2C186155220A589B005DE639 /* DemoFourViewController.swift */ = {isa = PBXFileReference; lastKnownFileType = sourcecode.swift; path = DemoFourViewController.swift; sourceTree = "<group>"; };
		2CB66281220BDA5F00824915 /* DemoFiveViewController.swift */ = {isa = PBXFileReference; lastKnownFileType = sourcecode.swift; path = DemoFiveViewController.swift; sourceTree = "<group>"; };
		2CB66282220BDA5F00824915 /* DemoFiveViewController.xib */ = {isa = PBXFileReference; lastKnownFileType = file.xib; path = DemoFiveViewController.xib; sourceTree = "<group>"; };
		2CB66285220BDBF300824915 /* explosion.sks */ = {isa = PBXFileReference; lastKnownFileType = file.sks; path = explosion.sks; sourceTree = "<group>"; };
		2CB66288220BE27E00824915 /* SpriteKit.framework */ = {isa = PBXFileReference; lastKnownFileType = wrapper.framework; name = SpriteKit.framework; path = System/Library/Frameworks/SpriteKit.framework; sourceTree = SDKROOT; };
		2CB6628C220BE69D00824915 /* swiftBirds.sks */ = {isa = PBXFileReference; lastKnownFileType = file.sks; path = swiftBirds.sks; sourceTree = "<group>"; };
/* End PBXFileReference section */

/* Begin PBXFrameworksBuildPhase section */
		2C18612722068708005DE639 /* Frameworks */ = {
			isa = PBXFrameworksBuildPhase;
			buildActionMask = 2147483647;
			files = (
				2CB66289220BE27E00824915 /* SpriteKit.framework in Frameworks */,
			);
			runOnlyForDeploymentPostprocessing = 0;
		};
/* End PBXFrameworksBuildPhase section */

/* Begin PBXGroup section */
		2C18612122068708005DE639 = {
			isa = PBXGroup;
			children = (
				2C18612C22068708005DE639 /* iOSAnimations */,
				2C18612B22068708005DE639 /* Products */,
				2CB66287220BE27D00824915 /* Frameworks */,
			);
			sourceTree = "<group>";
		};
		2C18612B22068708005DE639 /* Products */ = {
			isa = PBXGroup;
			children = (
				2C18612A22068708005DE639 /* iOSAnimations.app */,
			);
			name = Products;
			sourceTree = "<group>";
		};
		2C18612C22068708005DE639 /* iOSAnimations */ = {
			isa = PBXGroup;
			children = (
				2C18612D22068708005DE639 /* AppDelegate.swift */,
				2C18614022068C45005DE639 /* MainTableViewController.swift */,
				2C18614722069467005DE639 /* Extensions.swift */,
				2C18614622068F33005DE639 /* Demo View Controllers */,
				2C18613F22068BF3005DE639 /* Supporting Files */,
			);
			path = iOSAnimations;
			sourceTree = "<group>";
		};
		2C18613F22068BF3005DE639 /* Supporting Files */ = {
			isa = PBXGroup;
			children = (
				2C1861342206870A005DE639 /* Assets.xcassets */,
				2C186149220694AF005DE639 /* Globals.swift */,
				2C1861392206870A005DE639 /* Info.plist */,
				2C1861362206870A005DE639 /* LaunchScreen.storyboard */,
				2CB66285220BDBF300824915 /* explosion.sks */,
				2CB6628C220BE69D00824915 /* swiftBirds.sks */,
			);
			path = "Supporting Files";
			sourceTree = "<group>";
		};
		2C18614622068F33005DE639 /* Demo View Controllers */ = {
			isa = PBXGroup;
			children = (
				2C18614222068F2A005DE639 /* DemoOneViewController.swift */,
				2C18614322068F2A005DE639 /* DemoOneViewController.xib */,
				2C18614B2208B6BE005DE639 /* DemoTwoViewController.swift */,
				2C18614C2208B6BE005DE639 /* DemoTwoViewController.xib */,
				2C1861512208CF8F005DE639 /* DemoThreeViewController.swift */,
				2C1861522208CF8F005DE639 /* DemoThreeViewController.xib */,
				2C186155220A589B005DE639 /* DemoFourViewController.swift */,
				2CB66281220BDA5F00824915 /* DemoFiveViewController.swift */,
				2CB66282220BDA5F00824915 /* DemoFiveViewController.xib */,
			);
			path = "Demo View Controllers";
			sourceTree = "<group>";
		};
		2CB66287220BE27D00824915 /* Frameworks */ = {
			isa = PBXGroup;
			children = (
				2CB66288220BE27E00824915 /* SpriteKit.framework */,
			);
			name = Frameworks;
			sourceTree = "<group>";
		};
/* End PBXGroup section */

/* Begin PBXNativeTarget section */
		2C18612922068708005DE639 /* iOSAnimations */ = {
			isa = PBXNativeTarget;
			buildConfigurationList = 2C18613C2206870A005DE639 /* Build configuration list for PBXNativeTarget "iOSAnimations" */;
			buildPhases = (
				2C18612622068708005DE639 /* Sources */,
				2C18612722068708005DE639 /* Frameworks */,
				2C18612822068708005DE639 /* Resources */,
			);
			buildRules = (
			);
			dependencies = (
			);
			name = iOSAnimations;
			productName = iOSAnimations;
			productReference = 2C18612A22068708005DE639 /* iOSAnimations.app */;
			productType = "com.apple.product-type.application";
		};
/* End PBXNativeTarget section */

/* Begin PBXProject section */
		2C18612222068708005DE639 /* Project object */ = {
			isa = PBXProject;
			attributes = {
				LastSwiftUpdateCheck = 1010;
				LastUpgradeCheck = 1010;
				ORGANIZATIONNAME = ivancr;
				TargetAttributes = {
					2C18612922068708005DE639 = {
						CreatedOnToolsVersion = 10.1;
					};
				};
			};
			buildConfigurationList = 2C18612522068708005DE639 /* Build configuration list for PBXProject "iOSAnimations" */;
			compatibilityVersion = "Xcode 9.3";
			developmentRegion = en;
			hasScannedForEncodings = 0;
			knownRegions = (
				en,
				Base,
			);
			mainGroup = 2C18612122068708005DE639;
			productRefGroup = 2C18612B22068708005DE639 /* Products */;
			projectDirPath = "";
			projectRoot = "";
			targets = (
				2C18612922068708005DE639 /* iOSAnimations */,
			);
		};
/* End PBXProject section */

/* Begin PBXResourcesBuildPhase section */
		2C18612822068708005DE639 /* Resources */ = {
			isa = PBXResourcesBuildPhase;
			buildActionMask = 2147483647;
			files = (
				2C18614E2208B6BE005DE639 /* DemoTwoViewController.xib in Resources */,
				2CB6628D220BE69D00824915 /* swiftBirds.sks in Resources */,
				2CB66286220BDBF300824915 /* explosion.sks in Resources */,
				2C1861542208CF8F005DE639 /* DemoThreeViewController.xib in Resources */,
				2C18614522068F2A005DE639 /* DemoOneViewController.xib in Resources */,
				2CB66284220BDA5F00824915 /* DemoFiveViewController.xib in Resources */,
				2C1861382206870A005DE639 /* LaunchScreen.storyboard in Resources */,
				2C1861352206870A005DE639 /* Assets.xcassets in Resources */,
			);
			runOnlyForDeploymentPostprocessing = 0;
		};
/* End PBXResourcesBuildPhase section */

/* Begin PBXSourcesBuildPhase section */
		2C18612622068708005DE639 /* Sources */ = {
			isa = PBXSourcesBuildPhase;
			buildActionMask = 2147483647;
			files = (
				2C18614D2208B6BE005DE639 /* DemoTwoViewController.swift in Sources */,
				2C18614122068C45005DE639 /* MainTableViewController.swift in Sources */,
				2CB66283220BDA5F00824915 /* DemoFiveViewController.swift in Sources */,
				2C18614422068F2A005DE639 /* DemoOneViewController.swift in Sources */,
				2C18612E22068708005DE639 /* AppDelegate.swift in Sources */,
				2C1861532208CF8F005DE639 /* DemoThreeViewController.swift in Sources */,
				2C18614A220694AF005DE639 /* Globals.swift in Sources */,
				2C18614822069467005DE639 /* Extensions.swift in Sources */,
				2C186156220A589B005DE639 /* DemoFourViewController.swift in Sources */,
			);
			runOnlyForDeploymentPostprocessing = 0;
		};
/* End PBXSourcesBuildPhase section */

/* Begin PBXVariantGroup section */
		2C1861362206870A005DE639 /* LaunchScreen.storyboard */ = {
			isa = PBXVariantGroup;
			children = (
				2C1861372206870A005DE639 /* Base */,
			);
			name = LaunchScreen.storyboard;
			sourceTree = "<group>";
		};
/* End PBXVariantGroup section */

/* Begin XCBuildConfiguration section */
		2C18613A2206870A005DE639 /* Debug */ = {
			isa = XCBuildConfiguration;
			buildSettings = {
				ALWAYS_SEARCH_USER_PATHS = NO;
				CLANG_ANALYZER_NONNULL = YES;
				CLANG_ANALYZER_NUMBER_OBJECT_CONVERSION = YES_AGGRESSIVE;
				CLANG_CXX_LANGUAGE_STANDARD = "gnu++14";
				CLANG_CXX_LIBRARY = "libc++";
				CLANG_ENABLE_MODULES = YES;
				CLANG_ENABLE_OBJC_ARC = YES;
				CLANG_ENABLE_OBJC_WEAK = YES;
				CLANG_WARN_BLOCK_CAPTURE_AUTORELEASING = YES;
				CLANG_WARN_BOOL_CONVERSION = YES;
				CLANG_WARN_COMMA = YES;
				CLANG_WARN_CONSTANT_CONVERSION = YES;
				CLANG_WARN_DEPRECATED_OBJC_IMPLEMENTATIONS = YES;
				CLANG_WARN_DIRECT_OBJC_ISA_USAGE = YES_ERROR;
				CLANG_WARN_DOCUMENTATION_COMMENTS = YES;
				CLANG_WARN_EMPTY_BODY = YES;
				CLANG_WARN_ENUM_CONVERSION = YES;
				CLANG_WARN_INFINITE_RECURSION = YES;
				CLANG_WARN_INT_CONVERSION = YES;
				CLANG_WARN_NON_LITERAL_NULL_CONVERSION = YES;
				CLANG_WARN_OBJC_IMPLICIT_RETAIN_SELF = YES;
				CLANG_WARN_OBJC_LITERAL_CONVERSION = YES;
				CLANG_WARN_OBJC_ROOT_CLASS = YES_ERROR;
				CLANG_WARN_RANGE_LOOP_ANALYSIS = YES;
				CLANG_WARN_STRICT_PROTOTYPES = YES;
				CLANG_WARN_SUSPICIOUS_MOVE = YES;
				CLANG_WARN_UNGUARDED_AVAILABILITY = YES_AGGRESSIVE;
				CLANG_WARN_UNREACHABLE_CODE = YES;
				CLANG_WARN__DUPLICATE_METHOD_MATCH = YES;
				CODE_SIGN_IDENTITY = "iPhone Developer";
				COPY_PHASE_STRIP = NO;
				DEBUG_INFORMATION_FORMAT = dwarf;
				ENABLE_STRICT_OBJC_MSGSEND = YES;
				ENABLE_TESTABILITY = YES;
				GCC_C_LANGUAGE_STANDARD = gnu11;
				GCC_DYNAMIC_NO_PIC = NO;
				GCC_NO_COMMON_BLOCKS = YES;
				GCC_OPTIMIZATION_LEVEL = 0;
				GCC_PREPROCESSOR_DEFINITIONS = (
					"DEBUG=1",
					"$(inherited)",
				);
				GCC_WARN_64_TO_32_BIT_CONVERSION = YES;
				GCC_WARN_ABOUT_RETURN_TYPE = YES_ERROR;
				GCC_WARN_UNDECLARED_SELECTOR = YES;
				GCC_WARN_UNINITIALIZED_AUTOS = YES_AGGRESSIVE;
				GCC_WARN_UNUSED_FUNCTION = YES;
				GCC_WARN_UNUSED_VARIABLE = YES;
				IPHONEOS_DEPLOYMENT_TARGET = 12.1;
				MTL_ENABLE_DEBUG_INFO = INCLUDE_SOURCE;
				MTL_FAST_MATH = YES;
				ONLY_ACTIVE_ARCH = YES;
				SDKROOT = iphoneos;
				SWIFT_ACTIVE_COMPILATION_CONDITIONS = DEBUG;
				SWIFT_OPTIMIZATION_LEVEL = "-Onone";
			};
			name = Debug;
		};
		2C18613B2206870A005DE639 /* Release */ = {
			isa = XCBuildConfiguration;
			buildSettings = {
				ALWAYS_SEARCH_USER_PATHS = NO;
				CLANG_ANALYZER_NONNULL = YES;
				CLANG_ANALYZER_NUMBER_OBJECT_CONVERSION = YES_AGGRESSIVE;
				CLANG_CXX_LANGUAGE_STANDARD = "gnu++14";
				CLANG_CXX_LIBRARY = "libc++";
				CLANG_ENABLE_MODULES = YES;
				CLANG_ENABLE_OBJC_ARC = YES;
				CLANG_ENABLE_OBJC_WEAK = YES;
				CLANG_WARN_BLOCK_CAPTURE_AUTORELEASING = YES;
				CLANG_WARN_BOOL_CONVERSION = YES;
				CLANG_WARN_COMMA = YES;
				CLANG_WARN_CONSTANT_CONVERSION = YES;
				CLANG_WARN_DEPRECATED_OBJC_IMPLEMENTATIONS = YES;
				CLANG_WARN_DIRECT_OBJC_ISA_USAGE = YES_ERROR;
				CLANG_WARN_DOCUMENTATION_COMMENTS = YES;
				CLANG_WARN_EMPTY_BODY = YES;
				CLANG_WARN_ENUM_CONVERSION = YES;
				CLANG_WARN_INFINITE_RECURSION = YES;
				CLANG_WARN_INT_CONVERSION = YES;
				CLANG_WARN_NON_LITERAL_NULL_CONVERSION = YES;
				CLANG_WARN_OBJC_IMPLICIT_RETAIN_SELF = YES;
				CLANG_WARN_OBJC_LITERAL_CONVERSION = YES;
				CLANG_WARN_OBJC_ROOT_CLASS = YES_ERROR;
				CLANG_WARN_RANGE_LOOP_ANALYSIS = YES;
				CLANG_WARN_STRICT_PROTOTYPES = YES;
				CLANG_WARN_SUSPICIOUS_MOVE = YES;
				CLANG_WARN_UNGUARDED_AVAILABILITY = YES_AGGRESSIVE;
				CLANG_WARN_UNREACHABLE_CODE = YES;
				CLANG_WARN__DUPLICATE_METHOD_MATCH = YES;
				CODE_SIGN_IDENTITY = "iPhone Developer";
				COPY_PHASE_STRIP = NO;
				DEBUG_INFORMATION_FORMAT = "dwarf-with-dsym";
				ENABLE_NS_ASSERTIONS = NO;
				ENABLE_STRICT_OBJC_MSGSEND = YES;
				GCC_C_LANGUAGE_STANDARD = gnu11;
				GCC_NO_COMMON_BLOCKS = YES;
				GCC_WARN_64_TO_32_BIT_CONVERSION = YES;
				GCC_WARN_ABOUT_RETURN_TYPE = YES_ERROR;
				GCC_WARN_UNDECLARED_SELECTOR = YES;
				GCC_WARN_UNINITIALIZED_AUTOS = YES_AGGRESSIVE;
				GCC_WARN_UNUSED_FUNCTION = YES;
				GCC_WARN_UNUSED_VARIABLE = YES;
				IPHONEOS_DEPLOYMENT_TARGET = 12.1;
				MTL_ENABLE_DEBUG_INFO = NO;
				MTL_FAST_MATH = YES;
				SDKROOT = iphoneos;
				SWIFT_COMPILATION_MODE = wholemodule;
				SWIFT_OPTIMIZATION_LEVEL = "-O";
				VALIDATE_PRODUCT = YES;
			};
			name = Release;
		};
		2C18613D2206870A005DE639 /* Debug */ = {
			isa = XCBuildConfiguration;
			buildSettings = {
				ASSETCATALOG_COMPILER_APPICON_NAME = AppIcon;
				CODE_SIGN_STYLE = Automatic;
				DEVELOPMENT_TEAM = 84DFVFL7ZR;
				INFOPLIST_FILE = "$(SRCROOT)/iOSAnimations/Supporting Files/Info.plist";
				LD_RUNPATH_SEARCH_PATHS = (
					"$(inherited)",
					"@executable_path/Frameworks",
				);
				PRODUCT_BUNDLE_IDENTIFIER = com.ivancr.iOSAnimations;
				PRODUCT_NAME = "$(TARGET_NAME)";
				SWIFT_VERSION = 4.2;
				TARGETED_DEVICE_FAMILY = "1,2";
			};
			name = Debug;
		};
		2C18613E2206870A005DE639 /* Release */ = {
			isa = XCBuildConfiguration;
			buildSettings = {
				ASSETCATALOG_COMPILER_APPICON_NAME = AppIcon;
				CODE_SIGN_STYLE = Automatic;
				DEVELOPMENT_TEAM = 84DFVFL7ZR;
				INFOPLIST_FILE = "$(SRCROOT)/iOSAnimations/Supporting Files/Info.plist";
				LD_RUNPATH_SEARCH_PATHS = (
					"$(inherited)",
					"@executable_path/Frameworks",
				);
				PRODUCT_BUNDLE_IDENTIFIER = com.ivancr.iOSAnimations;
				PRODUCT_NAME = "$(TARGET_NAME)";
				SWIFT_VERSION = 4.2;
				TARGETED_DEVICE_FAMILY = "1,2";
			};
			name = Release;
		};
/* End XCBuildConfiguration section */

/* Begin XCConfigurationList section */
		2C18612522068708005DE639 /* Build configuration list for PBXProject "iOSAnimations" */ = {
			isa = XCConfigurationList;
			buildConfigurations = (
				2C18613A2206870A005DE639 /* Debug */,
				2C18613B2206870A005DE639 /* Release */,
			);
			defaultConfigurationIsVisible = 0;
			defaultConfigurationName = Release;
		};
		2C18613C2206870A005DE639 /* Build configuration list for PBXNativeTarget "iOSAnimations" */ = {
			isa = XCConfigurationList;
			buildConfigurations = (
				2C18613D2206870A005DE639 /* Debug */,
				2C18613E2206870A005DE639 /* Release */,
			);
			defaultConfigurationIsVisible = 0;
			defaultConfigurationName = Release;
		};
/* End XCConfigurationList section */
	};
	rootObject = 2C18612222068708005DE639 /* Project object */;
}
